// !$*UTF8*$!
{
	archiveVersion = 1;
	classes = {
	};
	objectVersion = 46;
	objects = {

/* Begin PBXBuildFile section */
		282F99DC1D5B8A5B003C77C5 /* SanFranciscoDisplay-Black.otf in Resources */ = {isa = PBXBuildFile; fileRef = 282F99C71D5B8A5B003C77C5 /* SanFranciscoDisplay-Black.otf */; };
		282F99DD1D5B8A5B003C77C5 /* SanFranciscoDisplay-Bold.otf in Resources */ = {isa = PBXBuildFile; fileRef = 282F99C81D5B8A5B003C77C5 /* SanFranciscoDisplay-Bold.otf */; };
		282F99DE1D5B8A5B003C77C5 /* SanFranciscoDisplay-Heavy.otf in Resources */ = {isa = PBXBuildFile; fileRef = 282F99C91D5B8A5B003C77C5 /* SanFranciscoDisplay-Heavy.otf */; };
		282F99DF1D5B8A5B003C77C5 /* SanFranciscoDisplay-Light.otf in Resources */ = {isa = PBXBuildFile; fileRef = 282F99CA1D5B8A5B003C77C5 /* SanFranciscoDisplay-Light.otf */; };
		282F99E01D5B8A5B003C77C5 /* SanFranciscoDisplay-Medium.otf in Resources */ = {isa = PBXBuildFile; fileRef = 282F99CB1D5B8A5B003C77C5 /* SanFranciscoDisplay-Medium.otf */; };
		282F99E11D5B8A5B003C77C5 /* SanFranciscoDisplay-Regular.otf in Resources */ = {isa = PBXBuildFile; fileRef = 282F99CC1D5B8A5B003C77C5 /* SanFranciscoDisplay-Regular.otf */; };
		282F99E21D5B8A5B003C77C5 /* SanFranciscoDisplay-Semibold.otf in Resources */ = {isa = PBXBuildFile; fileRef = 282F99CD1D5B8A5B003C77C5 /* SanFranciscoDisplay-Semibold.otf */; };
		282F99E31D5B8A5B003C77C5 /* SanFranciscoDisplay-Thin.otf in Resources */ = {isa = PBXBuildFile; fileRef = 282F99CE1D5B8A5B003C77C5 /* SanFranciscoDisplay-Thin.otf */; };
		282F99E41D5B8A5B003C77C5 /* SanFranciscoDisplay-Ultralight.otf in Resources */ = {isa = PBXBuildFile; fileRef = 282F99CF1D5B8A5B003C77C5 /* SanFranciscoDisplay-Ultralight.otf */; };
		282F99E51D5B8A5B003C77C5 /* SanFranciscoText-Bold.otf in Resources */ = {isa = PBXBuildFile; fileRef = 282F99D01D5B8A5B003C77C5 /* SanFranciscoText-Bold.otf */; };
		282F99E61D5B8A5B003C77C5 /* SanFranciscoText-BoldItalic.otf in Resources */ = {isa = PBXBuildFile; fileRef = 282F99D11D5B8A5B003C77C5 /* SanFranciscoText-BoldItalic.otf */; };
		282F99E71D5B8A5B003C77C5 /* SanFranciscoText-Heavy.otf in Resources */ = {isa = PBXBuildFile; fileRef = 282F99D21D5B8A5B003C77C5 /* SanFranciscoText-Heavy.otf */; };
		282F99E81D5B8A5B003C77C5 /* SanFranciscoText-HeavyItalic.otf in Resources */ = {isa = PBXBuildFile; fileRef = 282F99D31D5B8A5B003C77C5 /* SanFranciscoText-HeavyItalic.otf */; };
		282F99E91D5B8A5B003C77C5 /* SanFranciscoText-Light.otf in Resources */ = {isa = PBXBuildFile; fileRef = 282F99D41D5B8A5B003C77C5 /* SanFranciscoText-Light.otf */; };
		282F99EA1D5B8A5B003C77C5 /* SanFranciscoText-LightItalic.otf in Resources */ = {isa = PBXBuildFile; fileRef = 282F99D51D5B8A5B003C77C5 /* SanFranciscoText-LightItalic.otf */; };
		282F99EB1D5B8A5B003C77C5 /* SanFranciscoText-Medium.otf in Resources */ = {isa = PBXBuildFile; fileRef = 282F99D61D5B8A5B003C77C5 /* SanFranciscoText-Medium.otf */; };
		282F99EC1D5B8A5B003C77C5 /* SanFranciscoText-MediumItalic.otf in Resources */ = {isa = PBXBuildFile; fileRef = 282F99D71D5B8A5B003C77C5 /* SanFranciscoText-MediumItalic.otf */; };
		282F99ED1D5B8A5B003C77C5 /* SanFranciscoText-Regular.otf in Resources */ = {isa = PBXBuildFile; fileRef = 282F99D81D5B8A5B003C77C5 /* SanFranciscoText-Regular.otf */; };
		282F99EE1D5B8A5B003C77C5 /* SanFranciscoText-RegularItalic.otf in Resources */ = {isa = PBXBuildFile; fileRef = 282F99D91D5B8A5B003C77C5 /* SanFranciscoText-RegularItalic.otf */; };
		282F99EF1D5B8A5B003C77C5 /* SanFranciscoText-Semibold.otf in Resources */ = {isa = PBXBuildFile; fileRef = 282F99DA1D5B8A5B003C77C5 /* SanFranciscoText-Semibold.otf */; };
		282F99F01D5B8A5B003C77C5 /* SanFranciscoText-SemiboldItalic.otf in Resources */ = {isa = PBXBuildFile; fileRef = 282F99DB1D5B8A5B003C77C5 /* SanFranciscoText-SemiboldItalic.otf */; };
		2850AE911D5433170046664A /* AppDelegate.swift in Sources */ = {isa = PBXBuildFile; fileRef = 2850AE901D5433170046664A /* AppDelegate.swift */; };
		2850AE931D5433170046664A /* ParameterViewController.swift in Sources */ = {isa = PBXBuildFile; fileRef = 2850AE921D5433170046664A /* ParameterViewController.swift */; };
		2850AE961D5433170046664A /* Main.storyboard in Resources */ = {isa = PBXBuildFile; fileRef = 2850AE941D5433170046664A /* Main.storyboard */; };
		2850AE991D5433170046664A /* PackedTravel.xcdatamodeld in Sources */ = {isa = PBXBuildFile; fileRef = 2850AE971D5433170046664A /* PackedTravel.xcdatamodeld */; };
		2850AE9B1D5433170046664A /* Assets.xcassets in Resources */ = {isa = PBXBuildFile; fileRef = 2850AE9A1D5433170046664A /* Assets.xcassets */; };
		2850AE9E1D5433170046664A /* LaunchScreen.storyboard in Resources */ = {isa = PBXBuildFile; fileRef = 2850AE9C1D5433170046664A /* LaunchScreen.storyboard */; };
		2850AEA61D5440770046664A /* PlacesViewController.swift in Sources */ = {isa = PBXBuildFile; fileRef = 2850AEA51D5440770046664A /* PlacesViewController.swift */; };
		2850AEA81D5444F20046664A /* .gitignore in Resources */ = {isa = PBXBuildFile; fileRef = 2850AEA71D5444F20046664A /* .gitignore */; };
		2850AEAA1D54452E0046664A /* ListViewController.swift in Sources */ = {isa = PBXBuildFile; fileRef = 2850AEA91D54452E0046664A /* ListViewController.swift */; };
		2850AEAC1D54453C0046664A /* MapViewController.swift in Sources */ = {isa = PBXBuildFile; fileRef = 2850AEAB1D54453C0046664A /* MapViewController.swift */; };
		28A634F01D5AD4B3003D45B6 /* ListDetailViewController.swift in Sources */ = {isa = PBXBuildFile; fileRef = 28A634EF1D5AD4B3003D45B6 /* ListDetailViewController.swift */; };
		28DFFE991D5824FC0033586C /* Business.swift in Sources */ = {isa = PBXBuildFile; fileRef = 28DFFE981D5824FC0033586C /* Business.swift */; };
		28DFFE9B1D58254F0033586C /* YelpClient.swift in Sources */ = {isa = PBXBuildFile; fileRef = 28DFFE9A1D58254F0033586C /* YelpClient.swift */; };
		28DFFE9F1D5834AD0033586C /* BackgroundKolodaAnimator.swift in Sources */ = {isa = PBXBuildFile; fileRef = 28DFFE9E1D5834AD0033586C /* BackgroundKolodaAnimator.swift */; };
		28DFFEA11D585D550033586C /* CustomKolodaView.swift in Sources */ = {isa = PBXBuildFile; fileRef = 28DFFEA01D585D550033586C /* CustomKolodaView.swift */; };
		28DFFEA31D585D7B0033586C /* CustomOverlayView.swift in Sources */ = {isa = PBXBuildFile; fileRef = 28DFFEA21D585D7B0033586C /* CustomOverlayView.swift */; };
		28DFFEA51D585DF20033586C /* OverlayView.xib in Resources */ = {isa = PBXBuildFile; fileRef = 28DFFEA41D585DF20033586C /* OverlayView.xib */; };
		28DFFEA71D585E4A0033586C /* CustomOverlayView.xib in Resources */ = {isa = PBXBuildFile; fileRef = 28DFFEA61D585E4A0033586C /* CustomOverlayView.xib */; };
		28DFFEA91D5893D00033586C /* DetailsViewController.swift in Sources */ = {isa = PBXBuildFile; fileRef = 28DFFEA81D5893D00033586C /* DetailsViewController.swift */; };
		28DFFEAB1D5982030033586C /* Location.swift in Sources */ = {isa = PBXBuildFile; fileRef = 28DFFEAA1D5982030033586C /* Location.swift */; };
		36B7F26A094E29AB32539D66 /* Pods_PackedTravel.framework in Frameworks */ = {isa = PBXBuildFile; fileRef = 0808358FDD5E05EE688F9BE6 /* Pods_PackedTravel.framework */; };
/* End PBXBuildFile section */

/* Begin PBXFileReference section */
		0808358FDD5E05EE688F9BE6 /* Pods_PackedTravel.framework */ = {isa = PBXFileReference; explicitFileType = wrapper.framework; includeInIndex = 0; path = Pods_PackedTravel.framework; sourceTree = BUILT_PRODUCTS_DIR; };
		282F99C71D5B8A5B003C77C5 /* SanFranciscoDisplay-Black.otf */ = {isa = PBXFileReference; lastKnownFileType = file; path = "SanFranciscoDisplay-Black.otf"; sourceTree = "<group>"; };
		282F99C81D5B8A5B003C77C5 /* SanFranciscoDisplay-Bold.otf */ = {isa = PBXFileReference; lastKnownFileType = file; path = "SanFranciscoDisplay-Bold.otf"; sourceTree = "<group>"; };
		282F99C91D5B8A5B003C77C5 /* SanFranciscoDisplay-Heavy.otf */ = {isa = PBXFileReference; lastKnownFileType = file; path = "SanFranciscoDisplay-Heavy.otf"; sourceTree = "<group>"; };
		282F99CA1D5B8A5B003C77C5 /* SanFranciscoDisplay-Light.otf */ = {isa = PBXFileReference; lastKnownFileType = file; path = "SanFranciscoDisplay-Light.otf"; sourceTree = "<group>"; };
		282F99CB1D5B8A5B003C77C5 /* SanFranciscoDisplay-Medium.otf */ = {isa = PBXFileReference; lastKnownFileType = file; path = "SanFranciscoDisplay-Medium.otf"; sourceTree = "<group>"; };
		282F99CC1D5B8A5B003C77C5 /* SanFranciscoDisplay-Regular.otf */ = {isa = PBXFileReference; lastKnownFileType = file; path = "SanFranciscoDisplay-Regular.otf"; sourceTree = "<group>"; };
		282F99CD1D5B8A5B003C77C5 /* SanFranciscoDisplay-Semibold.otf */ = {isa = PBXFileReference; lastKnownFileType = file; path = "SanFranciscoDisplay-Semibold.otf"; sourceTree = "<group>"; };
		282F99CE1D5B8A5B003C77C5 /* SanFranciscoDisplay-Thin.otf */ = {isa = PBXFileReference; lastKnownFileType = file; path = "SanFranciscoDisplay-Thin.otf"; sourceTree = "<group>"; };
		282F99CF1D5B8A5B003C77C5 /* SanFranciscoDisplay-Ultralight.otf */ = {isa = PBXFileReference; lastKnownFileType = file; path = "SanFranciscoDisplay-Ultralight.otf"; sourceTree = "<group>"; };
		282F99D01D5B8A5B003C77C5 /* SanFranciscoText-Bold.otf */ = {isa = PBXFileReference; lastKnownFileType = file; path = "SanFranciscoText-Bold.otf"; sourceTree = "<group>"; };
		282F99D11D5B8A5B003C77C5 /* SanFranciscoText-BoldItalic.otf */ = {isa = PBXFileReference; lastKnownFileType = file; path = "SanFranciscoText-BoldItalic.otf"; sourceTree = "<group>"; };
		282F99D21D5B8A5B003C77C5 /* SanFranciscoText-Heavy.otf */ = {isa = PBXFileReference; lastKnownFileType = file; path = "SanFranciscoText-Heavy.otf"; sourceTree = "<group>"; };
		282F99D31D5B8A5B003C77C5 /* SanFranciscoText-HeavyItalic.otf */ = {isa = PBXFileReference; lastKnownFileType = file; path = "SanFranciscoText-HeavyItalic.otf"; sourceTree = "<group>"; };
		282F99D41D5B8A5B003C77C5 /* SanFranciscoText-Light.otf */ = {isa = PBXFileReference; lastKnownFileType = file; path = "SanFranciscoText-Light.otf"; sourceTree = "<group>"; };
		282F99D51D5B8A5B003C77C5 /* SanFranciscoText-LightItalic.otf */ = {isa = PBXFileReference; lastKnownFileType = file; path = "SanFranciscoText-LightItalic.otf"; sourceTree = "<group>"; };
		282F99D61D5B8A5B003C77C5 /* SanFranciscoText-Medium.otf */ = {isa = PBXFileReference; lastKnownFileType = file; path = "SanFranciscoText-Medium.otf"; sourceTree = "<group>"; };
		282F99D71D5B8A5B003C77C5 /* SanFranciscoText-MediumItalic.otf */ = {isa = PBXFileReference; lastKnownFileType = file; path = "SanFranciscoText-MediumItalic.otf"; sourceTree = "<group>"; };
		282F99D81D5B8A5B003C77C5 /* SanFranciscoText-Regular.otf */ = {isa = PBXFileReference; lastKnownFileType = file; path = "SanFranciscoText-Regular.otf"; sourceTree = "<group>"; };
		282F99D91D5B8A5B003C77C5 /* SanFranciscoText-RegularItalic.otf */ = {isa = PBXFileReference; lastKnownFileType = file; path = "SanFranciscoText-RegularItalic.otf"; sourceTree = "<group>"; };
		282F99DA1D5B8A5B003C77C5 /* SanFranciscoText-Semibold.otf */ = {isa = PBXFileReference; lastKnownFileType = file; path = "SanFranciscoText-Semibold.otf"; sourceTree = "<group>"; };
		282F99DB1D5B8A5B003C77C5 /* SanFranciscoText-SemiboldItalic.otf */ = {isa = PBXFileReference; lastKnownFileType = file; path = "SanFranciscoText-SemiboldItalic.otf"; sourceTree = "<group>"; };
		2850AE8D1D5433170046664A /* PackedTravel.app */ = {isa = PBXFileReference; explicitFileType = wrapper.application; includeInIndex = 0; path = PackedTravel.app; sourceTree = BUILT_PRODUCTS_DIR; };
		2850AE901D5433170046664A /* AppDelegate.swift */ = {isa = PBXFileReference; lastKnownFileType = sourcecode.swift; path = AppDelegate.swift; sourceTree = "<group>"; };
		2850AE921D5433170046664A /* ParameterViewController.swift */ = {isa = PBXFileReference; lastKnownFileType = sourcecode.swift; path = ParameterViewController.swift; sourceTree = "<group>"; };
		2850AE951D5433170046664A /* Base */ = {isa = PBXFileReference; lastKnownFileType = file.storyboard; name = Base; path = Base.lproj/Main.storyboard; sourceTree = "<group>"; };
		2850AE981D5433170046664A /* PackedTravel.xcdatamodel */ = {isa = PBXFileReference; lastKnownFileType = wrapper.xcdatamodel; path = PackedTravel.xcdatamodel; sourceTree = "<group>"; };
		2850AE9A1D5433170046664A /* Assets.xcassets */ = {isa = PBXFileReference; lastKnownFileType = folder.assetcatalog; path = Assets.xcassets; sourceTree = "<group>"; };
		2850AE9D1D5433170046664A /* Base */ = {isa = PBXFileReference; lastKnownFileType = file.storyboard; name = Base; path = Base.lproj/LaunchScreen.storyboard; sourceTree = "<group>"; };
		2850AE9F1D5433170046664A /* Info.plist */ = {isa = PBXFileReference; lastKnownFileType = text.plist.xml; path = Info.plist; sourceTree = "<group>"; };
		2850AEA51D5440770046664A /* PlacesViewController.swift */ = {isa = PBXFileReference; fileEncoding = 4; lastKnownFileType = sourcecode.swift; path = PlacesViewController.swift; sourceTree = "<group>"; };
		2850AEA71D5444F20046664A /* .gitignore */ = {isa = PBXFileReference; fileEncoding = 4; lastKnownFileType = text; path = .gitignore; sourceTree = "<group>"; };
		2850AEA91D54452E0046664A /* ListViewController.swift */ = {isa = PBXFileReference; fileEncoding = 4; lastKnownFileType = sourcecode.swift; path = ListViewController.swift; sourceTree = "<group>"; };
		2850AEAB1D54453C0046664A /* MapViewController.swift */ = {isa = PBXFileReference; fileEncoding = 4; lastKnownFileType = sourcecode.swift; path = MapViewController.swift; sourceTree = "<group>"; };
		28A634EF1D5AD4B3003D45B6 /* ListDetailViewController.swift */ = {isa = PBXFileReference; fileEncoding = 4; lastKnownFileType = sourcecode.swift; path = ListDetailViewController.swift; sourceTree = "<group>"; };
		28DFFE981D5824FC0033586C /* Business.swift */ = {isa = PBXFileReference; fileEncoding = 4; lastKnownFileType = sourcecode.swift; path = Business.swift; sourceTree = "<group>"; };
		28DFFE9A1D58254F0033586C /* YelpClient.swift */ = {isa = PBXFileReference; fileEncoding = 4; lastKnownFileType = sourcecode.swift; path = YelpClient.swift; sourceTree = "<group>"; };
		28DFFE9E1D5834AD0033586C /* BackgroundKolodaAnimator.swift */ = {isa = PBXFileReference; fileEncoding = 4; lastKnownFileType = sourcecode.swift; path = BackgroundKolodaAnimator.swift; sourceTree = "<group>"; };
		28DFFEA01D585D550033586C /* CustomKolodaView.swift */ = {isa = PBXFileReference; fileEncoding = 4; lastKnownFileType = sourcecode.swift; path = CustomKolodaView.swift; sourceTree = "<group>"; };
		28DFFEA21D585D7B0033586C /* CustomOverlayView.swift */ = {isa = PBXFileReference; fileEncoding = 4; lastKnownFileType = sourcecode.swift; path = CustomOverlayView.swift; sourceTree = "<group>"; };
		28DFFEA41D585DF20033586C /* OverlayView.xib */ = {isa = PBXFileReference; fileEncoding = 4; lastKnownFileType = file.xib; path = OverlayView.xib; sourceTree = "<group>"; };
		28DFFEA61D585E4A0033586C /* CustomOverlayView.xib */ = {isa = PBXFileReference; fileEncoding = 4; lastKnownFileType = file.xib; path = CustomOverlayView.xib; sourceTree = "<group>"; };
		28DFFEA81D5893D00033586C /* DetailsViewController.swift */ = {isa = PBXFileReference; fileEncoding = 4; lastKnownFileType = sourcecode.swift; path = DetailsViewController.swift; sourceTree = "<group>"; };
		28DFFEAA1D5982030033586C /* Location.swift */ = {isa = PBXFileReference; fileEncoding = 4; lastKnownFileType = sourcecode.swift; path = Location.swift; sourceTree = "<group>"; };
		78A62F517927013AFAE6D1A8 /* Pods-PackedTravel.debug.xcconfig */ = {isa = PBXFileReference; includeInIndex = 1; lastKnownFileType = text.xcconfig; name = "Pods-PackedTravel.debug.xcconfig"; path = "Pods/Target Support Files/Pods-PackedTravel/Pods-PackedTravel.debug.xcconfig"; sourceTree = "<group>"; };
		955C9EAE0238E1D709056A50 /* Pods-PackedTravel.release.xcconfig */ = {isa = PBXFileReference; includeInIndex = 1; lastKnownFileType = text.xcconfig; name = "Pods-PackedTravel.release.xcconfig"; path = "Pods/Target Support Files/Pods-PackedTravel/Pods-PackedTravel.release.xcconfig"; sourceTree = "<group>"; };
/* End PBXFileReference section */

/* Begin PBXFrameworksBuildPhase section */
		2850AE8A1D5433170046664A /* Frameworks */ = {
			isa = PBXFrameworksBuildPhase;
			buildActionMask = 2147483647;
			files = (
				36B7F26A094E29AB32539D66 /* Pods_PackedTravel.framework in Frameworks */,
			);
			runOnlyForDeploymentPostprocessing = 0;
		};
/* End PBXFrameworksBuildPhase section */

/* Begin PBXGroup section */
		068E1E651D7E80AB73B7E43C /* Pods */ = {
			isa = PBXGroup;
			children = (
				78A62F517927013AFAE6D1A8 /* Pods-PackedTravel.debug.xcconfig */,
				955C9EAE0238E1D709056A50 /* Pods-PackedTravel.release.xcconfig */,
			);
			name = Pods;
			sourceTree = "<group>";
		};
		282F99C61D5B89F6003C77C5 /* Resources */ = {
			isa = PBXGroup;
			children = (
				282F99C71D5B8A5B003C77C5 /* SanFranciscoDisplay-Black.otf */,
				282F99C81D5B8A5B003C77C5 /* SanFranciscoDisplay-Bold.otf */,
				282F99C91D5B8A5B003C77C5 /* SanFranciscoDisplay-Heavy.otf */,
				282F99CA1D5B8A5B003C77C5 /* SanFranciscoDisplay-Light.otf */,
				282F99CB1D5B8A5B003C77C5 /* SanFranciscoDisplay-Medium.otf */,
				282F99CC1D5B8A5B003C77C5 /* SanFranciscoDisplay-Regular.otf */,
				282F99CD1D5B8A5B003C77C5 /* SanFranciscoDisplay-Semibold.otf */,
				282F99CE1D5B8A5B003C77C5 /* SanFranciscoDisplay-Thin.otf */,
				282F99CF1D5B8A5B003C77C5 /* SanFranciscoDisplay-Ultralight.otf */,
				282F99D01D5B8A5B003C77C5 /* SanFranciscoText-Bold.otf */,
				282F99D11D5B8A5B003C77C5 /* SanFranciscoText-BoldItalic.otf */,
				282F99D21D5B8A5B003C77C5 /* SanFranciscoText-Heavy.otf */,
				282F99D31D5B8A5B003C77C5 /* SanFranciscoText-HeavyItalic.otf */,
				282F99D41D5B8A5B003C77C5 /* SanFranciscoText-Light.otf */,
				282F99D51D5B8A5B003C77C5 /* SanFranciscoText-LightItalic.otf */,
				282F99D61D5B8A5B003C77C5 /* SanFranciscoText-Medium.otf */,
				282F99D71D5B8A5B003C77C5 /* SanFranciscoText-MediumItalic.otf */,
				282F99D81D5B8A5B003C77C5 /* SanFranciscoText-Regular.otf */,
				282F99D91D5B8A5B003C77C5 /* SanFranciscoText-RegularItalic.otf */,
				282F99DA1D5B8A5B003C77C5 /* SanFranciscoText-Semibold.otf */,
				282F99DB1D5B8A5B003C77C5 /* SanFranciscoText-SemiboldItalic.otf */,
			);
			name = Resources;
			sourceTree = "<group>";
		};
		2850AE841D5433170046664A = {
			isa = PBXGroup;
			children = (
				2850AEA71D5444F20046664A /* .gitignore */,
				2850AE8F1D5433170046664A /* PackedTravel */,
				2850AE8E1D5433170046664A /* Products */,
				068E1E651D7E80AB73B7E43C /* Pods */,
				D6028F65081DFD1F6DAEE79D /* Frameworks */,
			);
			sourceTree = "<group>";
		};
		2850AE8E1D5433170046664A /* Products */ = {
			isa = PBXGroup;
			children = (
				2850AE8D1D5433170046664A /* PackedTravel.app */,
			);
			name = Products;
			sourceTree = "<group>";
		};
		2850AE8F1D5433170046664A /* PackedTravel */ = {
			isa = PBXGroup;
			children = (
				2850AE941D5433170046664A /* Main.storyboard */,
				282F99C61D5B89F6003C77C5 /* Resources */,
				65F86D561D598A2600F6D8CC /* models */,
				65F86D551D598A0600F6D8CC /* Controllers */,
				28DFFEA41D585DF20033586C /* OverlayView.xib */,
				28DFFEA61D585E4A0033586C /* CustomOverlayView.xib */,
				2850AE9A1D5433170046664A /* Assets.xcassets */,
				2850AE9C1D5433170046664A /* LaunchScreen.storyboard */,
				2850AE9F1D5433170046664A /* Info.plist */,
				2850AE971D5433170046664A /* PackedTravel.xcdatamodeld */,
			);
			path = PackedTravel;
			sourceTree = "<group>";
		};
		65F86D551D598A0600F6D8CC /* Controllers */ = {
			isa = PBXGroup;
			children = (
				28DFFEA81D5893D00033586C /* DetailsViewController.swift */,
				28A634EF1D5AD4B3003D45B6 /* ListDetailViewController.swift */,
				2850AE921D5433170046664A /* ParameterViewController.swift */,
				2850AEA51D5440770046664A /* PlacesViewController.swift */,
				2850AEA91D54452E0046664A /* ListViewController.swift */,
				2850AEAB1D54453C0046664A /* MapViewController.swift */,
			);
			name = Controllers;
			sourceTree = "<group>";
		};
		65F86D561D598A2600F6D8CC /* models */ = {
			isa = PBXGroup;
			children = (
				28DFFE981D5824FC0033586C /* Business.swift */,
				2850AE901D5433170046664A /* AppDelegate.swift */,
				28DFFE9A1D58254F0033586C /* YelpClient.swift */,
				28DFFEAA1D5982030033586C /* Location.swift */,
				28DFFEA01D585D550033586C /* CustomKolodaView.swift */,
				28DFFEA21D585D7B0033586C /* CustomOverlayView.swift */,
				28DFFE9E1D5834AD0033586C /* BackgroundKolodaAnimator.swift */,
			);
			name = models;
			sourceTree = "<group>";
		};
		D6028F65081DFD1F6DAEE79D /* Frameworks */ = {
			isa = PBXGroup;
			children = (
				0808358FDD5E05EE688F9BE6 /* Pods_PackedTravel.framework */,
			);
			name = Frameworks;
			sourceTree = "<group>";
		};
/* End PBXGroup section */

/* Begin PBXNativeTarget section */
		2850AE8C1D5433170046664A /* PackedTravel */ = {
			isa = PBXNativeTarget;
			buildConfigurationList = 2850AEA21D5433170046664A /* Build configuration list for PBXNativeTarget "PackedTravel" */;
			buildPhases = (
				F7D11B7A2DAB8A7E351FEBCA /* [CP] Check Pods Manifest.lock */,
				2850AE891D5433170046664A /* Sources */,
				2850AE8A1D5433170046664A /* Frameworks */,
				2850AE8B1D5433170046664A /* Resources */,
				4D388B5045D2ADF47FDD3D24 /* [CP] Embed Pods Frameworks */,
				89DF7FF717C82F23A0BE151B /* [CP] Copy Pods Resources */,
			);
			buildRules = (
			);
			dependencies = (
			);
			name = PackedTravel;
			productName = PackedTravel;
			productReference = 2850AE8D1D5433170046664A /* PackedTravel.app */;
			productType = "com.apple.product-type.application";
		};
/* End PBXNativeTarget section */

/* Begin PBXProject section */
		2850AE851D5433170046664A /* Project object */ = {
			isa = PBXProject;
			attributes = {
				LastSwiftUpdateCheck = 0730;
				LastUpgradeCheck = 0730;
				ORGANIZATIONNAME = JJ;
				TargetAttributes = {
					2850AE8C1D5433170046664A = {
						CreatedOnToolsVersion = 7.3.1;
						DevelopmentTeam = C8G734R99Z;
					};
				};
			};
			buildConfigurationList = 2850AE881D5433170046664A /* Build configuration list for PBXProject "PackedTravel" */;
			compatibilityVersion = "Xcode 3.2";
			developmentRegion = English;
			hasScannedForEncodings = 0;
			knownRegions = (
				en,
				Base,
			);
			mainGroup = 2850AE841D5433170046664A;
			productRefGroup = 2850AE8E1D5433170046664A /* Products */;
			projectDirPath = "";
			projectRoot = "";
			targets = (
				2850AE8C1D5433170046664A /* PackedTravel */,
			);
		};
/* End PBXProject section */

/* Begin PBXResourcesBuildPhase section */
		2850AE8B1D5433170046664A /* Resources */ = {
			isa = PBXResourcesBuildPhase;
			buildActionMask = 2147483647;
			files = (
				282F99E61D5B8A5B003C77C5 /* SanFranciscoText-BoldItalic.otf in Resources */,
				282F99F01D5B8A5B003C77C5 /* SanFranciscoText-SemiboldItalic.otf in Resources */,
				282F99EB1D5B8A5B003C77C5 /* SanFranciscoText-Medium.otf in Resources */,
				2850AEA81D5444F20046664A /* .gitignore in Resources */,
				282F99E31D5B8A5B003C77C5 /* SanFranciscoDisplay-Thin.otf in Resources */,
				282F99E01D5B8A5B003C77C5 /* SanFranciscoDisplay-Medium.otf in Resources */,
				282F99DD1D5B8A5B003C77C5 /* SanFranciscoDisplay-Bold.otf in Resources */,
				282F99EE1D5B8A5B003C77C5 /* SanFranciscoText-RegularItalic.otf in Resources */,
				2850AE9E1D5433170046664A /* LaunchScreen.storyboard in Resources */,
				282F99E71D5B8A5B003C77C5 /* SanFranciscoText-Heavy.otf in Resources */,
				282F99EA1D5B8A5B003C77C5 /* SanFranciscoText-LightItalic.otf in Resources */,
				282F99EC1D5B8A5B003C77C5 /* SanFranciscoText-MediumItalic.otf in Resources */,
				28DFFEA71D585E4A0033586C /* CustomOverlayView.xib in Resources */,
				282F99DE1D5B8A5B003C77C5 /* SanFranciscoDisplay-Heavy.otf in Resources */,
				282F99E91D5B8A5B003C77C5 /* SanFranciscoText-Light.otf in Resources */,
				28DFFEA51D585DF20033586C /* OverlayView.xib in Resources */,
				282F99DC1D5B8A5B003C77C5 /* SanFranciscoDisplay-Black.otf in Resources */,
				282F99DF1D5B8A5B003C77C5 /* SanFranciscoDisplay-Light.otf in Resources */,
				282F99E41D5B8A5B003C77C5 /* SanFranciscoDisplay-Ultralight.otf in Resources */,
				282F99ED1D5B8A5B003C77C5 /* SanFranciscoText-Regular.otf in Resources */,
				282F99E11D5B8A5B003C77C5 /* SanFranciscoDisplay-Regular.otf in Resources */,
				2850AE9B1D5433170046664A /* Assets.xcassets in Resources */,
				282F99E51D5B8A5B003C77C5 /* SanFranciscoText-Bold.otf in Resources */,
				2850AE961D5433170046664A /* Main.storyboard in Resources */,
				282F99EF1D5B8A5B003C77C5 /* SanFranciscoText-Semibold.otf in Resources */,
				282F99E81D5B8A5B003C77C5 /* SanFranciscoText-HeavyItalic.otf in Resources */,
				282F99E21D5B8A5B003C77C5 /* SanFranciscoDisplay-Semibold.otf in Resources */,
			);
			runOnlyForDeploymentPostprocessing = 0;
		};
/* End PBXResourcesBuildPhase section */

/* Begin PBXShellScriptBuildPhase section */
		4D388B5045D2ADF47FDD3D24 /* [CP] Embed Pods Frameworks */ = {
			isa = PBXShellScriptBuildPhase;
			buildActionMask = 2147483647;
			files = (
			);
			inputPaths = (
			);
			name = "[CP] Embed Pods Frameworks";
			outputPaths = (
			);
			runOnlyForDeploymentPostprocessing = 0;
			shellPath = /bin/sh;
			shellScript = "\"${SRCROOT}/Pods/Target Support Files/Pods-PackedTravel/Pods-PackedTravel-frameworks.sh\"\n";
			showEnvVarsInLog = 0;
		};
		89DF7FF717C82F23A0BE151B /* [CP] Copy Pods Resources */ = {
			isa = PBXShellScriptBuildPhase;
			buildActionMask = 2147483647;
			files = (
			);
			inputPaths = (
			);
			name = "[CP] Copy Pods Resources";
			outputPaths = (
			);
			runOnlyForDeploymentPostprocessing = 0;
			shellPath = /bin/sh;
			shellScript = "\"${SRCROOT}/Pods/Target Support Files/Pods-PackedTravel/Pods-PackedTravel-resources.sh\"\n";
			showEnvVarsInLog = 0;
		};
		F7D11B7A2DAB8A7E351FEBCA /* [CP] Check Pods Manifest.lock */ = {
			isa = PBXShellScriptBuildPhase;
			buildActionMask = 2147483647;
			files = (
			);
			inputPaths = (
			);
			name = "[CP] Check Pods Manifest.lock";
			outputPaths = (
			);
			runOnlyForDeploymentPostprocessing = 0;
			shellPath = /bin/sh;
			shellScript = "diff \"${PODS_ROOT}/../Podfile.lock\" \"${PODS_ROOT}/Manifest.lock\" > /dev/null\nif [[ $? != 0 ]] ; then\n    cat << EOM\nerror: The sandbox is not in sync with the Podfile.lock. Run 'pod install' or update your CocoaPods installation.\nEOM\n    exit 1\nfi\n";
			showEnvVarsInLog = 0;
		};
/* End PBXShellScriptBuildPhase section */

/* Begin PBXSourcesBuildPhase section */
		2850AE891D5433170046664A /* Sources */ = {
			isa = PBXSourcesBuildPhase;
			buildActionMask = 2147483647;
			files = (
				28DFFE9F1D5834AD0033586C /* BackgroundKolodaAnimator.swift in Sources */,
				28A634F01D5AD4B3003D45B6 /* ListDetailViewController.swift in Sources */,
				2850AEA61D5440770046664A /* PlacesViewController.swift in Sources */,
				28DFFE991D5824FC0033586C /* Business.swift in Sources */,
				28DFFEA11D585D550033586C /* CustomKolodaView.swift in Sources */,
				2850AEAC1D54453C0046664A /* MapViewController.swift in Sources */,
				2850AE991D5433170046664A /* PackedTravel.xcdatamodeld in Sources */,
				28DFFEAB1D5982030033586C /* Location.swift in Sources */,
				28DFFE9B1D58254F0033586C /* YelpClient.swift in Sources */,
				28DFFEA31D585D7B0033586C /* CustomOverlayView.swift in Sources */,
				2850AE931D5433170046664A /* ParameterViewController.swift in Sources */,
				2850AEAA1D54452E0046664A /* ListViewController.swift in Sources */,
				2850AE911D5433170046664A /* AppDelegate.swift in Sources */,
				28DFFEA91D5893D00033586C /* DetailsViewController.swift in Sources */,
			);
			runOnlyForDeploymentPostprocessing = 0;
		};
/* End PBXSourcesBuildPhase section */

/* Begin PBXVariantGroup section */
		2850AE941D5433170046664A /* Main.storyboard */ = {
			isa = PBXVariantGroup;
			children = (
				2850AE951D5433170046664A /* Base */,
			);
			name = Main.storyboard;
			sourceTree = "<group>";
		};
		2850AE9C1D5433170046664A /* LaunchScreen.storyboard */ = {
			isa = PBXVariantGroup;
			children = (
				2850AE9D1D5433170046664A /* Base */,
			);
			name = LaunchScreen.storyboard;
			sourceTree = "<group>";
		};
/* End PBXVariantGroup section */

/* Begin XCBuildConfiguration section */
		2850AEA01D5433170046664A /* Debug */ = {
			isa = XCBuildConfiguration;
			buildSettings = {
				ALWAYS_SEARCH_USER_PATHS = NO;
				CLANG_ANALYZER_NONNULL = YES;
				CLANG_CXX_LANGUAGE_STANDARD = "gnu++0x";
				CLANG_CXX_LIBRARY = "libc++";
				CLANG_ENABLE_MODULES = YES;
				CLANG_ENABLE_OBJC_ARC = YES;
				CLANG_WARN_BOOL_CONVERSION = YES;
				CLANG_WARN_CONSTANT_CONVERSION = YES;
				CLANG_WARN_DIRECT_OBJC_ISA_USAGE = YES_ERROR;
				CLANG_WARN_EMPTY_BODY = YES;
				CLANG_WARN_ENUM_CONVERSION = YES;
				CLANG_WARN_INT_CONVERSION = YES;
				CLANG_WARN_OBJC_ROOT_CLASS = YES_ERROR;
				CLANG_WARN_UNREACHABLE_CODE = YES;
				CLANG_WARN__DUPLICATE_METHOD_MATCH = YES;
				"CODE_SIGN_IDENTITY[sdk=iphoneos*]" = "iPhone Developer";
				COPY_PHASE_STRIP = NO;
				DEBUG_INFORMATION_FORMAT = dwarf;
				ENABLE_STRICT_OBJC_MSGSEND = YES;
				ENABLE_TESTABILITY = YES;
				GCC_C_LANGUAGE_STANDARD = gnu99;
				GCC_DYNAMIC_NO_PIC = NO;
				GCC_NO_COMMON_BLOCKS = YES;
				GCC_OPTIMIZATION_LEVEL = 0;
				GCC_PREPROCESSOR_DEFINITIONS = (
					"DEBUG=1",
					"$(inherited)",
				);
				GCC_WARN_64_TO_32_BIT_CONVERSION = YES;
				GCC_WARN_ABOUT_RETURN_TYPE = YES_ERROR;
				GCC_WARN_UNDECLARED_SELECTOR = YES;
				GCC_WARN_UNINITIALIZED_AUTOS = YES_AGGRESSIVE;
				GCC_WARN_UNUSED_FUNCTION = YES;
				GCC_WARN_UNUSED_VARIABLE = YES;
				IPHONEOS_DEPLOYMENT_TARGET = 9.3;
				MTL_ENABLE_DEBUG_INFO = YES;
				ONLY_ACTIVE_ARCH = YES;
				SDKROOT = iphoneos;
				SWIFT_OPTIMIZATION_LEVEL = "-Onone";
				TARGETED_DEVICE_FAMILY = "1,2";
			};
			name = Debug;
		};
		2850AEA11D5433170046664A /* Release */ = {
			isa = XCBuildConfiguration;
			buildSettings = {
				ALWAYS_SEARCH_USER_PATHS = NO;
				CLANG_ANALYZER_NONNULL = YES;
				CLANG_CXX_LANGUAGE_STANDARD = "gnu++0x";
				CLANG_CXX_LIBRARY = "libc++";
				CLANG_ENABLE_MODULES = YES;
				CLANG_ENABLE_OBJC_ARC = YES;
				CLANG_WARN_BOOL_CONVERSION = YES;
				CLANG_WARN_CONSTANT_CONVERSION = YES;
				CLANG_WARN_DIRECT_OBJC_ISA_USAGE = YES_ERROR;
				CLANG_WARN_EMPTY_BODY = YES;
				CLANG_WARN_ENUM_CONVERSION = YES;
				CLANG_WARN_INT_CONVERSION = YES;
				CLANG_WARN_OBJC_ROOT_CLASS = YES_ERROR;
				CLANG_WARN_UNREACHABLE_CODE = YES;
				CLANG_WARN__DUPLICATE_METHOD_MATCH = YES;
				"CODE_SIGN_IDENTITY[sdk=iphoneos*]" = "iPhone Developer";
				COPY_PHASE_STRIP = NO;
				DEBUG_INFORMATION_FORMAT = "dwarf-with-dsym";
				ENABLE_NS_ASSERTIONS = NO;
				ENABLE_STRICT_OBJC_MSGSEND = YES;
				GCC_C_LANGUAGE_STANDARD = gnu99;
				GCC_NO_COMMON_BLOCKS = YES;
				GCC_WARN_64_TO_32_BIT_CONVERSION = YES;
				GCC_WARN_ABOUT_RETURN_TYPE = YES_ERROR;
				GCC_WARN_UNDECLARED_SELECTOR = YES;
				GCC_WARN_UNINITIALIZED_AUTOS = YES_AGGRESSIVE;
				GCC_WARN_UNUSED_FUNCTION = YES;
				GCC_WARN_UNUSED_VARIABLE = YES;
				IPHONEOS_DEPLOYMENT_TARGET = 9.3;
				MTL_ENABLE_DEBUG_INFO = NO;
				SDKROOT = iphoneos;
				TARGETED_DEVICE_FAMILY = "1,2";
				VALIDATE_PRODUCT = YES;
			};
			name = Release;
		};
		2850AEA31D5433170046664A /* Debug */ = {
			isa = XCBuildConfiguration;
			baseConfigurationReference = 78A62F517927013AFAE6D1A8 /* Pods-PackedTravel.debug.xcconfig */;
			buildSettings = {
				ASSETCATALOG_COMPILER_APPICON_NAME = AppIcon;
				CODE_SIGN_IDENTITY = "iPhone Developer";
				"CODE_SIGN_IDENTITY[sdk=iphoneos*]" = "iPhone Developer";
				INFOPLIST_FILE = PackedTravel/Info.plist;
				IPHONEOS_DEPLOYMENT_TARGET = 9.2;
				LD_RUNPATH_SEARCH_PATHS = "$(inherited) @executable_path/Frameworks";
				PRODUCT_BUNDLE_IDENTIFIER = com.JJ.PackedTravel;
				PRODUCT_NAME = "$(TARGET_NAME)";
				PROVISIONING_PROFILE = "";
			};
			name = Debug;
		};
		2850AEA41D5433170046664A /* Release */ = {
			isa = XCBuildConfiguration;
			baseConfigurationReference = 955C9EAE0238E1D709056A50 /* Pods-PackedTravel.release.xcconfig */;
			buildSettings = {
				ASSETCATALOG_COMPILER_APPICON_NAME = AppIcon;
				CODE_SIGN_IDENTITY = "iPhone Developer";
				"CODE_SIGN_IDENTITY[sdk=iphoneos*]" = "iPhone Developer";
				INFOPLIST_FILE = PackedTravel/Info.plist;
				IPHONEOS_DEPLOYMENT_TARGET = 9.2;
				LD_RUNPATH_SEARCH_PATHS = "$(inherited) @executable_path/Frameworks";
				PRODUCT_BUNDLE_IDENTIFIER = com.JJ.PackedTravel;
				PRODUCT_NAME = "$(TARGET_NAME)";
				PROVISIONING_PROFILE = "";
			};
			name = Release;
		};
/* End XCBuildConfiguration section */

/* Begin XCConfigurationList section */
		2850AE881D5433170046664A /* Build configuration list for PBXProject "PackedTravel" */ = {
			isa = XCConfigurationList;
			buildConfigurations = (
				2850AEA01D5433170046664A /* Debug */,
				2850AEA11D5433170046664A /* Release */,
			);
			defaultConfigurationIsVisible = 0;
			defaultConfigurationName = Release;
		};
		2850AEA21D5433170046664A /* Build configuration list for PBXNativeTarget "PackedTravel" */ = {
			isa = XCConfigurationList;
			buildConfigurations = (
				2850AEA31D5433170046664A /* Debug */,
				2850AEA41D5433170046664A /* Release */,
			);
			defaultConfigurationIsVisible = 0;
			defaultConfigurationName = Release;
		};
/* End XCConfigurationList section */

/* Begin XCVersionGroup section */
		2850AE971D5433170046664A /* PackedTravel.xcdatamodeld */ = {
			isa = XCVersionGroup;
			children = (
				2850AE981D5433170046664A /* PackedTravel.xcdatamodel */,
			);
			currentVersion = 2850AE981D5433170046664A /* PackedTravel.xcdatamodel */;
			path = PackedTravel.xcdatamodeld;
			sourceTree = "<group>";
			versionGroupType = wrapper.xcdatamodel;
		};
/* End XCVersionGroup section */
	};
	rootObject = 2850AE851D5433170046664A /* Project object */;
}
